// !$*UTF8*$!
{
	archiveVersion = 1;
	classes = {
	};
	objectVersion = 56;
	objects = {

/* Begin PBXBuildFile section */
		2C0069C32ADD6A9E00B933A2 /* UIColor+.swift in Sources */ = {isa = PBXBuildFile; fileRef = 2C0069C22ADD6A9E00B933A2 /* UIColor+.swift */; };
		2C0069C62ADD6AB200B933A2 /* Then in Frameworks */ = {isa = PBXBuildFile; productRef = 2C0069C52ADD6AB200B933A2 /* Then */; };
		2C0069C92ADD6AB700B933A2 /* SnapKit in Frameworks */ = {isa = PBXBuildFile; productRef = 2C0069C82ADD6AB700B933A2 /* SnapKit */; };
		2C0069CB2ADD6AB700B933A2 /* SnapKit-Dynamic in Frameworks */ = {isa = PBXBuildFile; productRef = 2C0069CA2ADD6AB700B933A2 /* SnapKit-Dynamic */; };
		2C0069CD2ADD6AD400B933A2 /* UIView+.swift in Sources */ = {isa = PBXBuildFile; fileRef = 2C0069CC2ADD6AD400B933A2 /* UIView+.swift */; };
		2C0069CF2ADD6AF300B933A2 /* String+.swift in Sources */ = {isa = PBXBuildFile; fileRef = 2C0069CE2ADD6AF300B933A2 /* String+.swift */; };
		2C0069D12ADD6B2300B933A2 /* UITableViewHeaderFooterView+.swift in Sources */ = {isa = PBXBuildFile; fileRef = 2C0069D02ADD6B2300B933A2 /* UITableViewHeaderFooterView+.swift */; };
		2C0069D32ADD6B4D00B933A2 /* UITableViewCell+.swift in Sources */ = {isa = PBXBuildFile; fileRef = 2C0069D22ADD6B4C00B933A2 /* UITableViewCell+.swift */; };
		2C0069D52ADD6B6D00B933A2 /* UICollectionViewCell+.swift in Sources */ = {isa = PBXBuildFile; fileRef = 2C0069D42ADD6B6D00B933A2 /* UICollectionViewCell+.swift */; };
		2C2EFE2E2ADD5E7E00B2A2EC /* AppDelegate.swift in Sources */ = {isa = PBXBuildFile; fileRef = 2C2EFE2D2ADD5E7E00B2A2EC /* AppDelegate.swift */; };
		2C2EFE302ADD5E7E00B2A2EC /* SceneDelegate.swift in Sources */ = {isa = PBXBuildFile; fileRef = 2C2EFE2F2ADD5E7E00B2A2EC /* SceneDelegate.swift */; };
		2C2EFE322ADD5E7E00B2A2EC /* ListViewController.swift in Sources */ = {isa = PBXBuildFile; fileRef = 2C2EFE312ADD5E7E00B2A2EC /* ListViewController.swift */; };
		2C2EFE372ADD5E8000B2A2EC /* Assets.xcassets in Resources */ = {isa = PBXBuildFile; fileRef = 2C2EFE362ADD5E8000B2A2EC /* Assets.xcassets */; };
		2C528C1F2ADD940100383C90 /* ListView.swift in Sources */ = {isa = PBXBuildFile; fileRef = 2C528C1E2ADD940100383C90 /* ListView.swift */; };
		2C528C232ADD95A200383C90 /* Image.swift in Sources */ = {isa = PBXBuildFile; fileRef = 2C528C222ADD95A200383C90 /* Image.swift */; };
		2C528C252ADD96DE00383C90 /* UIFont+.swift in Sources */ = {isa = PBXBuildFile; fileRef = 2C528C242ADD96DE00383C90 /* UIFont+.swift */; };
		2C528C272ADDA15E00383C90 /* SF-Pro-Display-Light.otf in Resources */ = {isa = PBXBuildFile; fileRef = 2C528C262ADDA15E00383C90 /* SF-Pro-Display-Light.otf */; };
		2C528C292ADDA16800383C90 /* SF-Pro-Display-Bold.otf in Resources */ = {isa = PBXBuildFile; fileRef = 2C528C282ADDA16800383C90 /* SF-Pro-Display-Bold.otf */; };
		2C528C2B2ADDA16E00383C90 /* SF-Pro-Display-Regular.otf in Resources */ = {isa = PBXBuildFile; fileRef = 2C528C2A2ADDA16E00383C90 /* SF-Pro-Display-Regular.otf */; };
		2C528C2F2ADDA19100383C90 /* SF-Pro-Display-Medium.otf in Resources */ = {isa = PBXBuildFile; fileRef = 2C528C2E2ADDA19100383C90 /* SF-Pro-Display-Medium.otf */; };
		2C528C332ADDBE8800383C90 /* SF-Pro-Display-Thin.otf in Resources */ = {isa = PBXBuildFile; fileRef = 2C528C322ADDBE8800383C90 /* SF-Pro-Display-Thin.otf */; };
		2C63B9CD2B067B4C009C6824 /* WeatherService.swift in Sources */ = {isa = PBXBuildFile; fileRef = 2C63B9CC2B067B4C009C6824 /* WeatherService.swift */; };
		2C63B9D12B067FE0009C6824 /* WeatherBody.swift in Sources */ = {isa = PBXBuildFile; fileRef = 2C63B9D02B067FE0009C6824 /* WeatherBody.swift */; };
		2C9D36622AE8E3870033C284 /* DetailBottomBar.swift in Sources */ = {isa = PBXBuildFile; fileRef = 2C9D36612AE8E3870033C284 /* DetailBottomBar.swift */; };
		2C9F912B2B24B8C00028121F /* DetailTableViewCell.swift in Sources */ = {isa = PBXBuildFile; fileRef = 2C9F912A2B24B8C00028121F /* DetailTableViewCell.swift */; };
		2C9F912D2B24C1A60028121F /* CityData.swift in Sources */ = {isa = PBXBuildFile; fileRef = 2C9F912C2B24C1A60028121F /* CityData.swift */; };
		2CC2ABB22AF6956E00418A7C /* ListHeaderView.swift in Sources */ = {isa = PBXBuildFile; fileRef = 2CC2ABB12AF6956E00418A7C /* ListHeaderView.swift */; };
		2CC2ABB42AF6966000418A7C /* ListTableView.swift in Sources */ = {isa = PBXBuildFile; fileRef = 2CC2ABB32AF6966000418A7C /* ListTableView.swift */; };
		2CC2ABB62AF697B300418A7C /* ListTableViewCell.swift in Sources */ = {isa = PBXBuildFile; fileRef = 2CC2ABB52AF697B300418A7C /* ListTableViewCell.swift */; };
		2CEAFFDB2ADFA56300BB21C0 /* ListEnum.swift in Sources */ = {isa = PBXBuildFile; fileRef = 2CEAFFDA2ADFA56300BB21C0 /* ListEnum.swift */; };
		2CEAFFDD2ADFA6B900BB21C0 /* ListData.swift in Sources */ = {isa = PBXBuildFile; fileRef = 2CEAFFDC2ADFA6B900BB21C0 /* ListData.swift */; };
		2CEAFFE02ADFC6BD00BB21C0 /* DetailView.swift in Sources */ = {isa = PBXBuildFile; fileRef = 2CEAFFDF2ADFC6BD00BB21C0 /* DetailView.swift */; };
		2CEAFFE22ADFC6CF00BB21C0 /* DetailViewController.swift in Sources */ = {isa = PBXBuildFile; fileRef = 2CEAFFE12ADFC6CF00BB21C0 /* DetailViewController.swift */; };
		2CEAFFE62ADFD34B00BB21C0 /* DetailLiveView.swift in Sources */ = {isa = PBXBuildFile; fileRef = 2CEAFFE52ADFD34B00BB21C0 /* DetailLiveView.swift */; };
		2CEAFFE82AE0268200BB21C0 /* DetailEnum.swift in Sources */ = {isa = PBXBuildFile; fileRef = 2CEAFFE72AE0268200BB21C0 /* DetailEnum.swift */; };
		2CEAFFEA2AE0281A00BB21C0 /* DetailData.swift in Sources */ = {isa = PBXBuildFile; fileRef = 2CEAFFE92AE0281A00BB21C0 /* DetailData.swift */; };
		2CF5DB152AFB8A1400137423 /* DetailCollectionViewCell.swift in Sources */ = {isa = PBXBuildFile; fileRef = 2CF5DB142AFB8A1400137423 /* DetailCollectionViewCell.swift */; };
		2CF5DB192AFB98C000137423 /* DetailLiveCollectionViewCell.swift in Sources */ = {isa = PBXBuildFile; fileRef = 2CF5DB182AFB98C000137423 /* DetailLiveCollectionViewCell.swift */; };
		2CF5DB1B2AFCB6FE00137423 /* DetailHeaderView.swift in Sources */ = {isa = PBXBuildFile; fileRef = 2CF5DB1A2AFCB6FE00137423 /* DetailHeaderView.swift */; };
		2CF5DB1D2AFCC72A00137423 /* DetailWeekView.swift in Sources */ = {isa = PBXBuildFile; fileRef = 2CF5DB1C2AFCC72A00137423 /* DetailWeekView.swift */; };
		2CF5DB1F2AFCC8E800137423 /* DetailEnum2.swift in Sources */ = {isa = PBXBuildFile; fileRef = 2CF5DB1E2AFCC8E800137423 /* DetailEnum2.swift */; };
		2CF5DB212AFCCA8000137423 /* DetailWeekCollectionViewCell.swift in Sources */ = {isa = PBXBuildFile; fileRef = 2CF5DB202AFCCA8000137423 /* DetailWeekCollectionViewCell.swift */; };
		2CF5DB232AFCD2E500137423 /* DetailWeekGradientView.swift in Sources */ = {isa = PBXBuildFile; fileRef = 2CF5DB222AFCD2E400137423 /* DetailWeekGradientView.swift */; };
/* End PBXBuildFile section */

/* Begin PBXFileReference section */
		2C0069C22ADD6A9E00B933A2 /* UIColor+.swift */ = {isa = PBXFileReference; lastKnownFileType = sourcecode.swift; path = "UIColor+.swift"; sourceTree = "<group>"; };
		2C0069CC2ADD6AD400B933A2 /* UIView+.swift */ = {isa = PBXFileReference; lastKnownFileType = sourcecode.swift; path = "UIView+.swift"; sourceTree = "<group>"; };
		2C0069CE2ADD6AF300B933A2 /* String+.swift */ = {isa = PBXFileReference; lastKnownFileType = sourcecode.swift; path = "String+.swift"; sourceTree = "<group>"; };
		2C0069D02ADD6B2300B933A2 /* UITableViewHeaderFooterView+.swift */ = {isa = PBXFileReference; lastKnownFileType = sourcecode.swift; path = "UITableViewHeaderFooterView+.swift"; sourceTree = "<group>"; };
		2C0069D22ADD6B4C00B933A2 /* UITableViewCell+.swift */ = {isa = PBXFileReference; lastKnownFileType = sourcecode.swift; path = "UITableViewCell+.swift"; sourceTree = "<group>"; };
		2C0069D42ADD6B6D00B933A2 /* UICollectionViewCell+.swift */ = {isa = PBXFileReference; lastKnownFileType = sourcecode.swift; path = "UICollectionViewCell+.swift"; sourceTree = "<group>"; };
		2C2EFE2A2ADD5E7E00B2A2EC /* Jiwon's Weather Forecast.app */ = {isa = PBXFileReference; explicitFileType = wrapper.application; includeInIndex = 0; path = "Jiwon's Weather Forecast.app"; sourceTree = BUILT_PRODUCTS_DIR; };
		2C2EFE2D2ADD5E7E00B2A2EC /* AppDelegate.swift */ = {isa = PBXFileReference; lastKnownFileType = sourcecode.swift; path = AppDelegate.swift; sourceTree = "<group>"; };
		2C2EFE2F2ADD5E7E00B2A2EC /* SceneDelegate.swift */ = {isa = PBXFileReference; lastKnownFileType = sourcecode.swift; path = SceneDelegate.swift; sourceTree = "<group>"; };
		2C2EFE312ADD5E7E00B2A2EC /* ListViewController.swift */ = {isa = PBXFileReference; lastKnownFileType = sourcecode.swift; path = ListViewController.swift; sourceTree = "<group>"; };
		2C2EFE362ADD5E8000B2A2EC /* Assets.xcassets */ = {isa = PBXFileReference; lastKnownFileType = folder.assetcatalog; path = Assets.xcassets; sourceTree = "<group>"; };
		2C2EFE3B2ADD5E8000B2A2EC /* Info.plist */ = {isa = PBXFileReference; lastKnownFileType = text.plist.xml; path = Info.plist; sourceTree = "<group>"; };
		2C528C1E2ADD940100383C90 /* ListView.swift */ = {isa = PBXFileReference; lastKnownFileType = sourcecode.swift; path = ListView.swift; sourceTree = "<group>"; };
		2C528C222ADD95A200383C90 /* Image.swift */ = {isa = PBXFileReference; lastKnownFileType = sourcecode.swift; path = Image.swift; sourceTree = "<group>"; };
		2C528C242ADD96DE00383C90 /* UIFont+.swift */ = {isa = PBXFileReference; lastKnownFileType = sourcecode.swift; path = "UIFont+.swift"; sourceTree = "<group>"; };
		2C528C262ADDA15E00383C90 /* SF-Pro-Display-Light.otf */ = {isa = PBXFileReference; lastKnownFileType = file; path = "SF-Pro-Display-Light.otf"; sourceTree = "<group>"; };
		2C528C282ADDA16800383C90 /* SF-Pro-Display-Bold.otf */ = {isa = PBXFileReference; lastKnownFileType = file; path = "SF-Pro-Display-Bold.otf"; sourceTree = "<group>"; };
		2C528C2A2ADDA16E00383C90 /* SF-Pro-Display-Regular.otf */ = {isa = PBXFileReference; lastKnownFileType = file; path = "SF-Pro-Display-Regular.otf"; sourceTree = "<group>"; };
		2C528C2E2ADDA19100383C90 /* SF-Pro-Display-Medium.otf */ = {isa = PBXFileReference; lastKnownFileType = file; path = "SF-Pro-Display-Medium.otf"; sourceTree = "<group>"; };
		2C528C322ADDBE8800383C90 /* SF-Pro-Display-Thin.otf */ = {isa = PBXFileReference; lastKnownFileType = file; path = "SF-Pro-Display-Thin.otf"; sourceTree = "<group>"; };
		2C63B9CC2B067B4C009C6824 /* WeatherService.swift */ = {isa = PBXFileReference; lastKnownFileType = sourcecode.swift; path = WeatherService.swift; sourceTree = "<group>"; };
		2C63B9D02B067FE0009C6824 /* WeatherBody.swift */ = {isa = PBXFileReference; lastKnownFileType = sourcecode.swift; path = WeatherBody.swift; sourceTree = "<group>"; };
		2C9D36612AE8E3870033C284 /* DetailBottomBar.swift */ = {isa = PBXFileReference; lastKnownFileType = sourcecode.swift; path = DetailBottomBar.swift; sourceTree = "<group>"; };
		2C9F912A2B24B8C00028121F /* DetailTableViewCell.swift */ = {isa = PBXFileReference; lastKnownFileType = sourcecode.swift; path = DetailTableViewCell.swift; sourceTree = "<group>"; };
		2C9F912C2B24C1A60028121F /* CityData.swift */ = {isa = PBXFileReference; lastKnownFileType = sourcecode.swift; path = CityData.swift; sourceTree = "<group>"; };
		2CC2ABB12AF6956E00418A7C /* ListHeaderView.swift */ = {isa = PBXFileReference; lastKnownFileType = sourcecode.swift; path = ListHeaderView.swift; sourceTree = "<group>"; };
		2CC2ABB32AF6966000418A7C /* ListTableView.swift */ = {isa = PBXFileReference; lastKnownFileType = sourcecode.swift; path = ListTableView.swift; sourceTree = "<group>"; };
		2CC2ABB52AF697B300418A7C /* ListTableViewCell.swift */ = {isa = PBXFileReference; lastKnownFileType = sourcecode.swift; path = ListTableViewCell.swift; sourceTree = "<group>"; };
		2CEAFFDA2ADFA56300BB21C0 /* ListEnum.swift */ = {isa = PBXFileReference; lastKnownFileType = sourcecode.swift; path = ListEnum.swift; sourceTree = "<group>"; };
		2CEAFFDC2ADFA6B900BB21C0 /* ListData.swift */ = {isa = PBXFileReference; lastKnownFileType = sourcecode.swift; path = ListData.swift; sourceTree = "<group>"; };
		2CEAFFDF2ADFC6BD00BB21C0 /* DetailView.swift */ = {isa = PBXFileReference; lastKnownFileType = sourcecode.swift; path = DetailView.swift; sourceTree = "<group>"; };
		2CEAFFE12ADFC6CF00BB21C0 /* DetailViewController.swift */ = {isa = PBXFileReference; lastKnownFileType = sourcecode.swift; path = DetailViewController.swift; sourceTree = "<group>"; };
		2CEAFFE52ADFD34B00BB21C0 /* DetailLiveView.swift */ = {isa = PBXFileReference; lastKnownFileType = sourcecode.swift; path = DetailLiveView.swift; sourceTree = "<group>"; };
		2CEAFFE72AE0268200BB21C0 /* DetailEnum.swift */ = {isa = PBXFileReference; lastKnownFileType = sourcecode.swift; path = DetailEnum.swift; sourceTree = "<group>"; };
		2CEAFFE92AE0281A00BB21C0 /* DetailData.swift */ = {isa = PBXFileReference; lastKnownFileType = sourcecode.swift; path = DetailData.swift; sourceTree = "<group>"; };
		2CF5DB142AFB8A1400137423 /* DetailCollectionViewCell.swift */ = {isa = PBXFileReference; lastKnownFileType = sourcecode.swift; path = DetailCollectionViewCell.swift; sourceTree = "<group>"; };
		2CF5DB182AFB98C000137423 /* DetailLiveCollectionViewCell.swift */ = {isa = PBXFileReference; lastKnownFileType = sourcecode.swift; path = DetailLiveCollectionViewCell.swift; sourceTree = "<group>"; };
		2CF5DB1A2AFCB6FE00137423 /* DetailHeaderView.swift */ = {isa = PBXFileReference; lastKnownFileType = sourcecode.swift; path = DetailHeaderView.swift; sourceTree = "<group>"; };
		2CF5DB1C2AFCC72A00137423 /* DetailWeekView.swift */ = {isa = PBXFileReference; lastKnownFileType = sourcecode.swift; path = DetailWeekView.swift; sourceTree = "<group>"; };
		2CF5DB1E2AFCC8E800137423 /* DetailEnum2.swift */ = {isa = PBXFileReference; lastKnownFileType = sourcecode.swift; path = DetailEnum2.swift; sourceTree = "<group>"; };
		2CF5DB202AFCCA8000137423 /* DetailWeekCollectionViewCell.swift */ = {isa = PBXFileReference; lastKnownFileType = sourcecode.swift; path = DetailWeekCollectionViewCell.swift; sourceTree = "<group>"; };
		2CF5DB222AFCD2E400137423 /* DetailWeekGradientView.swift */ = {isa = PBXFileReference; lastKnownFileType = sourcecode.swift; path = DetailWeekGradientView.swift; sourceTree = "<group>"; };
/* End PBXFileReference section */

/* Begin PBXFrameworksBuildPhase section */
		2C2EFE272ADD5E7E00B2A2EC /* Frameworks */ = {
			isa = PBXFrameworksBuildPhase;
			buildActionMask = 2147483647;
			files = (
				2C0069C62ADD6AB200B933A2 /* Then in Frameworks */,
				2C0069C92ADD6AB700B933A2 /* SnapKit in Frameworks */,
				2C0069CB2ADD6AB700B933A2 /* SnapKit-Dynamic in Frameworks */,
			);
			runOnlyForDeploymentPostprocessing = 0;
		};
/* End PBXFrameworksBuildPhase section */

/* Begin PBXGroup section */
		2C2EFE212ADD5E7E00B2A2EC = {
			isa = PBXGroup;
			children = (
				2C2EFE2C2ADD5E7E00B2A2EC /* Jiwon's Weather Forecast */,
				2C2EFE2B2ADD5E7E00B2A2EC /* Products */,
			);
			sourceTree = "<group>";
		};
		2C2EFE2B2ADD5E7E00B2A2EC /* Products */ = {
			isa = PBXGroup;
			children = (
				2C2EFE2A2ADD5E7E00B2A2EC /* Jiwon's Weather Forecast.app */,
			);
			name = Products;
			sourceTree = "<group>";
		};
		2C2EFE2C2ADD5E7E00B2A2EC /* Jiwon's Weather Forecast */ = {
			isa = PBXGroup;
			children = (
				2C63B9CB2B067B18009C6824 /* Network */,
				2CEE64662AEBC08E00A645F6 /* App */,
				2C528C1A2ADD90EA00383C90 /* Presentation */,
				2C2EFE492ADD69D900B2A2EC /* Extension */,
				2C528C212ADD957B00383C90 /* Constant */,
				2C2EFE362ADD5E8000B2A2EC /* Assets.xcassets */,
				2C2EFE3B2ADD5E8000B2A2EC /* Info.plist */,
			);
			path = "Jiwon's Weather Forecast";
			sourceTree = "<group>";
		};
		2C2EFE432ADD690B00B2A2EC /* Fonts */ = {
			isa = PBXGroup;
			children = (
				2C528C262ADDA15E00383C90 /* SF-Pro-Display-Light.otf */,
				2C528C322ADDBE8800383C90 /* SF-Pro-Display-Thin.otf */,
				2C528C282ADDA16800383C90 /* SF-Pro-Display-Bold.otf */,
				2C528C2E2ADDA19100383C90 /* SF-Pro-Display-Medium.otf */,
				2C528C2A2ADDA16E00383C90 /* SF-Pro-Display-Regular.otf */,
			);
			path = Fonts;
			sourceTree = "<group>";
		};
		2C2EFE492ADD69D900B2A2EC /* Extension */ = {
			isa = PBXGroup;
			children = (
				2C0069CE2ADD6AF300B933A2 /* String+.swift */,
				2C0069C22ADD6A9E00B933A2 /* UIColor+.swift */,
				2C528C242ADD96DE00383C90 /* UIFont+.swift */,
				2C0069CC2ADD6AD400B933A2 /* UIView+.swift */,
				2C0069D22ADD6B4C00B933A2 /* UITableViewCell+.swift */,
				2C0069D42ADD6B6D00B933A2 /* UICollectionViewCell+.swift */,
				2C0069D02ADD6B2300B933A2 /* UITableViewHeaderFooterView+.swift */,
			);
			path = Extension;
			sourceTree = "<group>";
		};
		2C528C1A2ADD90EA00383C90 /* Presentation */ = {
			isa = PBXGroup;
			children = (
				2CEAFFDE2ADFC69B00BB21C0 /* WeatherDetail */,
				2C528C1B2ADD90F200383C90 /* WeatherList */,
			);
			path = Presentation;
			sourceTree = "<group>";
		};
		2C528C1B2ADD90F200383C90 /* WeatherList */ = {
			isa = PBXGroup;
			children = (
				2CEE64652AEBC07A00A645F6 /* Data */,
				2CEE64632AEBC03500A645F6 /* ViewController */,
				2CEE64622AEBC02F00A645F6 /* View */,
			);
			path = WeatherList;
			sourceTree = "<group>";
		};
		2C528C212ADD957B00383C90 /* Constant */ = {
			isa = PBXGroup;
			children = (
				2C2EFE432ADD690B00B2A2EC /* Fonts */,
				2C528C222ADD95A200383C90 /* Image.swift */,
			);
			path = Constant;
			sourceTree = "<group>";
		};
		2C63B9CB2B067B18009C6824 /* Network */ = {
			isa = PBXGroup;
			children = (
				2C63B9CC2B067B4C009C6824 /* WeatherService.swift */,
				2C63B9D02B067FE0009C6824 /* WeatherBody.swift */,
				2C9F912C2B24C1A60028121F /* CityData.swift */,
			);
			path = Network;
			sourceTree = "<group>";
		};
		2CEAFFDE2ADFC69B00BB21C0 /* WeatherDetail */ = {
			isa = PBXGroup;
			children = (
				2CEE64642AEBC06B00A645F6 /* Data */,
				2CEE64602AEBC00900A645F6 /* ViewController */,
				2CEE645F2AEBBFF300A645F6 /* View */,
			);
			path = WeatherDetail;
			sourceTree = "<group>";
		};
		2CEE645F2AEBBFF300A645F6 /* View */ = {
			isa = PBXGroup;
			children = (
				2C9D36612AE8E3870033C284 /* DetailBottomBar.swift */,
				2CEAFFDF2ADFC6BD00BB21C0 /* DetailView.swift */,
				2CF5DB142AFB8A1400137423 /* DetailCollectionViewCell.swift */,
				2C9F912A2B24B8C00028121F /* DetailTableViewCell.swift */,
				2CF5DB1A2AFCB6FE00137423 /* DetailHeaderView.swift */,
				2CEAFFE52ADFD34B00BB21C0 /* DetailLiveView.swift */,
				2CF5DB182AFB98C000137423 /* DetailLiveCollectionViewCell.swift */,
				2CF5DB1C2AFCC72A00137423 /* DetailWeekView.swift */,
				2CF5DB202AFCCA8000137423 /* DetailWeekCollectionViewCell.swift */,
				2CF5DB222AFCD2E400137423 /* DetailWeekGradientView.swift */,
			);
			path = View;
			sourceTree = "<group>";
		};
		2CEE64602AEBC00900A645F6 /* ViewController */ = {
			isa = PBXGroup;
			children = (
				2CEAFFE12ADFC6CF00BB21C0 /* DetailViewController.swift */,
			);
			path = ViewController;
			sourceTree = "<group>";
		};
		2CEE64622AEBC02F00A645F6 /* View */ = {
			isa = PBXGroup;
			children = (
				2C528C1E2ADD940100383C90 /* ListView.swift */,
				2CC2ABB32AF6966000418A7C /* ListTableView.swift */,
				2CC2ABB12AF6956E00418A7C /* ListHeaderView.swift */,
				2CC2ABB52AF697B300418A7C /* ListTableViewCell.swift */,
			);
			path = View;
			sourceTree = "<group>";
		};
		2CEE64632AEBC03500A645F6 /* ViewController */ = {
			isa = PBXGroup;
			children = (
				2C2EFE312ADD5E7E00B2A2EC /* ListViewController.swift */,
			);
			path = ViewController;
			sourceTree = "<group>";
		};
		2CEE64642AEBC06B00A645F6 /* Data */ = {
			isa = PBXGroup;
			children = (
				2CEAFFE72AE0268200BB21C0 /* DetailEnum.swift */,
				2CF5DB1E2AFCC8E800137423 /* DetailEnum2.swift */,
				2CEAFFE92AE0281A00BB21C0 /* DetailData.swift */,
			);
			path = Data;
			sourceTree = "<group>";
		};
		2CEE64652AEBC07A00A645F6 /* Data */ = {
			isa = PBXGroup;
			children = (
				2CEAFFDC2ADFA6B900BB21C0 /* ListData.swift */,
				2CEAFFDA2ADFA56300BB21C0 /* ListEnum.swift */,
			);
			path = Data;
			sourceTree = "<group>";
		};
		2CEE64662AEBC08E00A645F6 /* App */ = {
			isa = PBXGroup;
			children = (
				2C2EFE2D2ADD5E7E00B2A2EC /* AppDelegate.swift */,
				2C2EFE2F2ADD5E7E00B2A2EC /* SceneDelegate.swift */,
			);
			path = App;
			sourceTree = "<group>";
		};
/* End PBXGroup section */

/* Begin PBXNativeTarget section */
		2C2EFE292ADD5E7E00B2A2EC /* Jiwon's Weather Forecast */ = {
			isa = PBXNativeTarget;
			buildConfigurationList = 2C2EFE3E2ADD5E8000B2A2EC /* Build configuration list for PBXNativeTarget "Jiwon's Weather Forecast" */;
			buildPhases = (
				2C2EFE262ADD5E7E00B2A2EC /* Sources */,
				2C2EFE272ADD5E7E00B2A2EC /* Frameworks */,
				2C2EFE282ADD5E7E00B2A2EC /* Resources */,
			);
			buildRules = (
			);
			dependencies = (
			);
			name = "Jiwon's Weather Forecast";
			packageProductDependencies = (
				2C0069C52ADD6AB200B933A2 /* Then */,
				2C0069C82ADD6AB700B933A2 /* SnapKit */,
				2C0069CA2ADD6AB700B933A2 /* SnapKit-Dynamic */,
			);
			productName = "Jiwon's Weather Forecast";
			productReference = 2C2EFE2A2ADD5E7E00B2A2EC /* Jiwon's Weather Forecast.app */;
			productType = "com.apple.product-type.application";
		};
/* End PBXNativeTarget section */

/* Begin PBXProject section */
		2C2EFE222ADD5E7E00B2A2EC /* Project object */ = {
			isa = PBXProject;
			attributes = {
				BuildIndependentTargetsInParallel = 1;
				LastSwiftUpdateCheck = 1500;
				LastUpgradeCheck = 1500;
				TargetAttributes = {
					2C2EFE292ADD5E7E00B2A2EC = {
						CreatedOnToolsVersion = 15.0;
					};
				};
			};
			buildConfigurationList = 2C2EFE252ADD5E7E00B2A2EC /* Build configuration list for PBXProject "Jiwon's Weather Forecast" */;
			compatibilityVersion = "Xcode 14.0";
			developmentRegion = en;
			hasScannedForEncodings = 0;
			knownRegions = (
				en,
				Base,
			);
			mainGroup = 2C2EFE212ADD5E7E00B2A2EC;
			packageReferences = (
				2C0069C42ADD6AB200B933A2 /* XCRemoteSwiftPackageReference "Then" */,
				2C0069C72ADD6AB700B933A2 /* XCRemoteSwiftPackageReference "SnapKit" */,
			);
			productRefGroup = 2C2EFE2B2ADD5E7E00B2A2EC /* Products */;
			projectDirPath = "";
			projectRoot = "";
			targets = (
				2C2EFE292ADD5E7E00B2A2EC /* Jiwon's Weather Forecast */,
			);
		};
/* End PBXProject section */

/* Begin PBXResourcesBuildPhase section */
		2C2EFE282ADD5E7E00B2A2EC /* Resources */ = {
			isa = PBXResourcesBuildPhase;
			buildActionMask = 2147483647;
			files = (
				2C528C2F2ADDA19100383C90 /* SF-Pro-Display-Medium.otf in Resources */,
				2C528C272ADDA15E00383C90 /* SF-Pro-Display-Light.otf in Resources */,
				2C528C332ADDBE8800383C90 /* SF-Pro-Display-Thin.otf in Resources */,
				2C2EFE372ADD5E8000B2A2EC /* Assets.xcassets in Resources */,
				2C528C2B2ADDA16E00383C90 /* SF-Pro-Display-Regular.otf in Resources */,
				2C528C292ADDA16800383C90 /* SF-Pro-Display-Bold.otf in Resources */,
			);
			runOnlyForDeploymentPostprocessing = 0;
		};
/* End PBXResourcesBuildPhase section */

/* Begin PBXSourcesBuildPhase section */
		2C2EFE262ADD5E7E00B2A2EC /* Sources */ = {
			isa = PBXSourcesBuildPhase;
			buildActionMask = 2147483647;
			files = (
				2CEAFFE22ADFC6CF00BB21C0 /* DetailViewController.swift in Sources */,
				2CF5DB152AFB8A1400137423 /* DetailCollectionViewCell.swift in Sources */,
				2CEAFFE02ADFC6BD00BB21C0 /* DetailView.swift in Sources */,
				2C2EFE322ADD5E7E00B2A2EC /* ListViewController.swift in Sources */,
				2CF5DB1D2AFCC72A00137423 /* DetailWeekView.swift in Sources */,
				2CF5DB1B2AFCB6FE00137423 /* DetailHeaderView.swift in Sources */,
				2CEAFFDD2ADFA6B900BB21C0 /* ListData.swift in Sources */,
				2CEAFFDB2ADFA56300BB21C0 /* ListEnum.swift in Sources */,
				2C528C232ADD95A200383C90 /* Image.swift in Sources */,
				2CC2ABB42AF6966000418A7C /* ListTableView.swift in Sources */,
				2C0069D32ADD6B4D00B933A2 /* UITableViewCell+.swift in Sources */,
				2C0069C32ADD6A9E00B933A2 /* UIColor+.swift in Sources */,
				2C2EFE2E2ADD5E7E00B2A2EC /* AppDelegate.swift in Sources */,
				2C2EFE302ADD5E7E00B2A2EC /* SceneDelegate.swift in Sources */,
				2CEAFFEA2AE0281A00BB21C0 /* DetailData.swift in Sources */,
				2C63B9CD2B067B4C009C6824 /* WeatherService.swift in Sources */,
				2CEAFFE82AE0268200BB21C0 /* DetailEnum.swift in Sources */,
				2C9F912B2B24B8C00028121F /* DetailTableViewCell.swift in Sources */,
				2C528C252ADD96DE00383C90 /* UIFont+.swift in Sources */,
				2C0069D52ADD6B6D00B933A2 /* UICollectionViewCell+.swift in Sources */,
				2C9F912D2B24C1A60028121F /* CityData.swift in Sources */,
				2C0069CF2ADD6AF300B933A2 /* String+.swift in Sources */,
				2C528C1F2ADD940100383C90 /* ListView.swift in Sources */,
				2CF5DB1F2AFCC8E800137423 /* DetailEnum2.swift in Sources */,
				2CEAFFE62ADFD34B00BB21C0 /* DetailLiveView.swift in Sources */,
				2CF5DB232AFCD2E500137423 /* DetailWeekGradientView.swift in Sources */,
				2C63B9D12B067FE0009C6824 /* WeatherBody.swift in Sources */,
				2C9D36622AE8E3870033C284 /* DetailBottomBar.swift in Sources */,
				2CC2ABB62AF697B300418A7C /* ListTableViewCell.swift in Sources */,
				2CC2ABB22AF6956E00418A7C /* ListHeaderView.swift in Sources */,
				2C0069CD2ADD6AD400B933A2 /* UIView+.swift in Sources */,
				2C0069D12ADD6B2300B933A2 /* UITableViewHeaderFooterView+.swift in Sources */,
				2CF5DB192AFB98C000137423 /* DetailLiveCollectionViewCell.swift in Sources */,
				2CF5DB212AFCCA8000137423 /* DetailWeekCollectionViewCell.swift in Sources */,
			);
			runOnlyForDeploymentPostprocessing = 0;
		};
/* End PBXSourcesBuildPhase section */

/* Begin XCBuildConfiguration section */
		2C2EFE3C2ADD5E8000B2A2EC /* Debug */ = {
			isa = XCBuildConfiguration;
			buildSettings = {
				ALWAYS_SEARCH_USER_PATHS = NO;
				ASSETCATALOG_COMPILER_GENERATE_SWIFT_ASSET_SYMBOL_EXTENSIONS = YES;
				CLANG_ANALYZER_NONNULL = YES;
				CLANG_ANALYZER_NUMBER_OBJECT_CONVERSION = YES_AGGRESSIVE;
				CLANG_CXX_LANGUAGE_STANDARD = "gnu++20";
				CLANG_ENABLE_MODULES = YES;
				CLANG_ENABLE_OBJC_ARC = YES;
				CLANG_ENABLE_OBJC_WEAK = YES;
				CLANG_WARN_BLOCK_CAPTURE_AUTORELEASING = YES;
				CLANG_WARN_BOOL_CONVERSION = YES;
				CLANG_WARN_COMMA = YES;
				CLANG_WARN_CONSTANT_CONVERSION = YES;
				CLANG_WARN_DEPRECATED_OBJC_IMPLEMENTATIONS = YES;
				CLANG_WARN_DIRECT_OBJC_ISA_USAGE = YES_ERROR;
				CLANG_WARN_DOCUMENTATION_COMMENTS = YES;
				CLANG_WARN_EMPTY_BODY = YES;
				CLANG_WARN_ENUM_CONVERSION = YES;
				CLANG_WARN_INFINITE_RECURSION = YES;
				CLANG_WARN_INT_CONVERSION = YES;
				CLANG_WARN_NON_LITERAL_NULL_CONVERSION = YES;
				CLANG_WARN_OBJC_IMPLICIT_RETAIN_SELF = YES;
				CLANG_WARN_OBJC_LITERAL_CONVERSION = YES;
				CLANG_WARN_OBJC_ROOT_CLASS = YES_ERROR;
				CLANG_WARN_QUOTED_INCLUDE_IN_FRAMEWORK_HEADER = YES;
				CLANG_WARN_RANGE_LOOP_ANALYSIS = YES;
				CLANG_WARN_STRICT_PROTOTYPES = YES;
				CLANG_WARN_SUSPICIOUS_MOVE = YES;
				CLANG_WARN_UNGUARDED_AVAILABILITY = YES_AGGRESSIVE;
				CLANG_WARN_UNREACHABLE_CODE = YES;
				CLANG_WARN__DUPLICATE_METHOD_MATCH = YES;
				COPY_PHASE_STRIP = NO;
				DEBUG_INFORMATION_FORMAT = dwarf;
				ENABLE_STRICT_OBJC_MSGSEND = YES;
				ENABLE_TESTABILITY = YES;
				ENABLE_USER_SCRIPT_SANDBOXING = YES;
				GCC_C_LANGUAGE_STANDARD = gnu17;
				GCC_DYNAMIC_NO_PIC = NO;
				GCC_NO_COMMON_BLOCKS = YES;
				GCC_OPTIMIZATION_LEVEL = 0;
				GCC_PREPROCESSOR_DEFINITIONS = (
					"DEBUG=1",
					"$(inherited)",
				);
				GCC_WARN_64_TO_32_BIT_CONVERSION = YES;
				GCC_WARN_ABOUT_RETURN_TYPE = YES_ERROR;
				GCC_WARN_UNDECLARED_SELECTOR = YES;
				GCC_WARN_UNINITIALIZED_AUTOS = YES_AGGRESSIVE;
				GCC_WARN_UNUSED_FUNCTION = YES;
				GCC_WARN_UNUSED_VARIABLE = YES;
				IPHONEOS_DEPLOYMENT_TARGET = 17.0;
				LOCALIZATION_PREFERS_STRING_CATALOGS = YES;
				MTL_ENABLE_DEBUG_INFO = INCLUDE_SOURCE;
				MTL_FAST_MATH = YES;
				ONLY_ACTIVE_ARCH = YES;
				SDKROOT = iphoneos;
				SWIFT_ACTIVE_COMPILATION_CONDITIONS = "DEBUG $(inherited)";
				SWIFT_OPTIMIZATION_LEVEL = "-Onone";
			};
			name = Debug;
		};
		2C2EFE3D2ADD5E8000B2A2EC /* Release */ = {
			isa = XCBuildConfiguration;
			buildSettings = {
				ALWAYS_SEARCH_USER_PATHS = NO;
				ASSETCATALOG_COMPILER_GENERATE_SWIFT_ASSET_SYMBOL_EXTENSIONS = YES;
				CLANG_ANALYZER_NONNULL = YES;
				CLANG_ANALYZER_NUMBER_OBJECT_CONVERSION = YES_AGGRESSIVE;
				CLANG_CXX_LANGUAGE_STANDARD = "gnu++20";
				CLANG_ENABLE_MODULES = YES;
				CLANG_ENABLE_OBJC_ARC = YES;
				CLANG_ENABLE_OBJC_WEAK = YES;
				CLANG_WARN_BLOCK_CAPTURE_AUTORELEASING = YES;
				CLANG_WARN_BOOL_CONVERSION = YES;
				CLANG_WARN_COMMA = YES;
				CLANG_WARN_CONSTANT_CONVERSION = YES;
				CLANG_WARN_DEPRECATED_OBJC_IMPLEMENTATIONS = YES;
				CLANG_WARN_DIRECT_OBJC_ISA_USAGE = YES_ERROR;
				CLANG_WARN_DOCUMENTATION_COMMENTS = YES;
				CLANG_WARN_EMPTY_BODY = YES;
				CLANG_WARN_ENUM_CONVERSION = YES;
				CLANG_WARN_INFINITE_RECURSION = YES;
				CLANG_WARN_INT_CONVERSION = YES;
				CLANG_WARN_NON_LITERAL_NULL_CONVERSION = YES;
				CLANG_WARN_OBJC_IMPLICIT_RETAIN_SELF = YES;
				CLANG_WARN_OBJC_LITERAL_CONVERSION = YES;
				CLANG_WARN_OBJC_ROOT_CLASS = YES_ERROR;
				CLANG_WARN_QUOTED_INCLUDE_IN_FRAMEWORK_HEADER = YES;
				CLANG_WARN_RANGE_LOOP_ANALYSIS = YES;
				CLANG_WARN_STRICT_PROTOTYPES = YES;
				CLANG_WARN_SUSPICIOUS_MOVE = YES;
				CLANG_WARN_UNGUARDED_AVAILABILITY = YES_AGGRESSIVE;
				CLANG_WARN_UNREACHABLE_CODE = YES;
				CLANG_WARN__DUPLICATE_METHOD_MATCH = YES;
				COPY_PHASE_STRIP = NO;
				DEBUG_INFORMATION_FORMAT = "dwarf-with-dsym";
				ENABLE_NS_ASSERTIONS = NO;
				ENABLE_STRICT_OBJC_MSGSEND = YES;
				ENABLE_USER_SCRIPT_SANDBOXING = YES;
				GCC_C_LANGUAGE_STANDARD = gnu17;
				GCC_NO_COMMON_BLOCKS = YES;
				GCC_WARN_64_TO_32_BIT_CONVERSION = YES;
				GCC_WARN_ABOUT_RETURN_TYPE = YES_ERROR;
				GCC_WARN_UNDECLARED_SELECTOR = YES;
				GCC_WARN_UNINITIALIZED_AUTOS = YES_AGGRESSIVE;
				GCC_WARN_UNUSED_FUNCTION = YES;
				GCC_WARN_UNUSED_VARIABLE = YES;
				IPHONEOS_DEPLOYMENT_TARGET = 17.0;
				LOCALIZATION_PREFERS_STRING_CATALOGS = YES;
				MTL_ENABLE_DEBUG_INFO = NO;
				MTL_FAST_MATH = YES;
				SDKROOT = iphoneos;
				SWIFT_COMPILATION_MODE = wholemodule;
				VALIDATE_PRODUCT = YES;
			};
			name = Release;
		};
		2C2EFE3F2ADD5E8000B2A2EC /* Debug */ = {
			isa = XCBuildConfiguration;
			buildSettings = {
				ASSETCATALOG_COMPILER_APPICON_NAME = AppIcon;
				ASSETCATALOG_COMPILER_GLOBAL_ACCENT_COLOR_NAME = AccentColor;
				CODE_SIGN_STYLE = Automatic;
				CURRENT_PROJECT_VERSION = 1;
				DEVELOPMENT_TEAM = L22KGAL4ND;
				GENERATE_INFOPLIST_FILE = YES;
				INFOPLIST_FILE = "Jiwon's Weather Forecast/Info.plist";
				INFOPLIST_KEY_UIApplicationSupportsIndirectInputEvents = YES;
				INFOPLIST_KEY_UILaunchStoryboardName = LaunchScreen;
				INFOPLIST_KEY_UISupportedInterfaceOrientations_iPad = "UIInterfaceOrientationPortrait UIInterfaceOrientationPortraitUpsideDown UIInterfaceOrientationLandscapeLeft UIInterfaceOrientationLandscapeRight";
				INFOPLIST_KEY_UISupportedInterfaceOrientations_iPhone = "UIInterfaceOrientationPortrait UIInterfaceOrientationLandscapeLeft UIInterfaceOrientationLandscapeRight";
				LD_RUNPATH_SEARCH_PATHS = (
					"$(inherited)",
					"@executable_path/Frameworks",
				);
				MARKETING_VERSION = 1.0;
				PRODUCT_BUNDLE_IDENTIFIER = "shinjiwon.Jiwon-s-Weather-Forecast";
				PRODUCT_NAME = "$(TARGET_NAME)";
				SWIFT_EMIT_LOC_STRINGS = YES;
				SWIFT_VERSION = 5.0;
				TARGETED_DEVICE_FAMILY = "1,2";
			};
			name = Debug;
		};
		2C2EFE402ADD5E8000B2A2EC /* Release */ = {
			isa = XCBuildConfiguration;
			buildSettings = {
				ASSETCATALOG_COMPILER_APPICON_NAME = AppIcon;
				ASSETCATALOG_COMPILER_GLOBAL_ACCENT_COLOR_NAME = AccentColor;
				CODE_SIGN_STYLE = Automatic;
				CURRENT_PROJECT_VERSION = 1;
				DEVELOPMENT_TEAM = L22KGAL4ND;
				GENERATE_INFOPLIST_FILE = YES;
				INFOPLIST_FILE = "Jiwon's Weather Forecast/Info.plist";
				INFOPLIST_KEY_UIApplicationSupportsIndirectInputEvents = YES;
				INFOPLIST_KEY_UILaunchStoryboardName = LaunchScreen;
				INFOPLIST_KEY_UISupportedInterfaceOrientations_iPad = "UIInterfaceOrientationPortrait UIInterfaceOrientationPortraitUpsideDown UIInterfaceOrientationLandscapeLeft UIInterfaceOrientationLandscapeRight";
				INFOPLIST_KEY_UISupportedInterfaceOrientations_iPhone = "UIInterfaceOrientationPortrait UIInterfaceOrientationLandscapeLeft UIInterfaceOrientationLandscapeRight";
				LD_RUNPATH_SEARCH_PATHS = (
					"$(inherited)",
					"@executable_path/Frameworks",
				);
				MARKETING_VERSION = 1.0;
				PRODUCT_BUNDLE_IDENTIFIER = "shinjiwon.Jiwon-s-Weather-Forecast";
				PRODUCT_NAME = "$(TARGET_NAME)";
				SWIFT_EMIT_LOC_STRINGS = YES;
				SWIFT_VERSION = 5.0;
				TARGETED_DEVICE_FAMILY = "1,2";
			};
			name = Release;
		};
/* End XCBuildConfiguration section */

/* Begin XCConfigurationList section */
		2C2EFE252ADD5E7E00B2A2EC /* Build configuration list for PBXProject "Jiwon's Weather Forecast" */ = {
			isa = XCConfigurationList;
			buildConfigurations = (
				2C2EFE3C2ADD5E8000B2A2EC /* Debug */,
				2C2EFE3D2ADD5E8000B2A2EC /* Release */,
			);
			defaultConfigurationIsVisible = 0;
			defaultConfigurationName = Release;
		};
		2C2EFE3E2ADD5E8000B2A2EC /* Build configuration list for PBXNativeTarget "Jiwon's Weather Forecast" */ = {
			isa = XCConfigurationList;
			buildConfigurations = (
				2C2EFE3F2ADD5E8000B2A2EC /* Debug */,
				2C2EFE402ADD5E8000B2A2EC /* Release */,
			);
			defaultConfigurationIsVisible = 0;
			defaultConfigurationName = Release;
		};
/* End XCConfigurationList section */

/* Begin XCRemoteSwiftPackageReference section */
		2C0069C42ADD6AB200B933A2 /* XCRemoteSwiftPackageReference "Then" */ = {
			isa = XCRemoteSwiftPackageReference;
			repositoryURL = "https://github.com/devxoul/Then";
			requirement = {
				kind = upToNextMajorVersion;
				minimumVersion = 3.0.0;
			};
		};
		2C0069C72ADD6AB700B933A2 /* XCRemoteSwiftPackageReference "SnapKit" */ = {
			isa = XCRemoteSwiftPackageReference;
			repositoryURL = "https://github.com/SnapKit/SnapKit";
			requirement = {
				kind = upToNextMajorVersion;
				minimumVersion = 5.6.0;
			};
		};
/* End XCRemoteSwiftPackageReference section */

/* Begin XCSwiftPackageProductDependency section */
		2C0069C52ADD6AB200B933A2 /* Then */ = {
			isa = XCSwiftPackageProductDependency;
			package = 2C0069C42ADD6AB200B933A2 /* XCRemoteSwiftPackageReference "Then" */;
			productName = Then;
		};
		2C0069C82ADD6AB700B933A2 /* SnapKit */ = {
			isa = XCSwiftPackageProductDependency;
			package = 2C0069C72ADD6AB700B933A2 /* XCRemoteSwiftPackageReference "SnapKit" */;
			productName = SnapKit;
		};
		2C0069CA2ADD6AB700B933A2 /* SnapKit-Dynamic */ = {
			isa = XCSwiftPackageProductDependency;
			package = 2C0069C72ADD6AB700B933A2 /* XCRemoteSwiftPackageReference "SnapKit" */;
			productName = "SnapKit-Dynamic";
		};
/* End XCSwiftPackageProductDependency section */
	};
	rootObject = 2C2EFE222ADD5E7E00B2A2EC /* Project object */;
}
